// !$*UTF8*$!
{
	archiveVersion = 1;
	classes = {
	};
	objectVersion = 55;
	objects = {

/* Begin PBXBuildFile section */
		5A0949F828B7C0DD00FAB133 /* PromotionCategoryCell.swift in Sources */ = {isa = PBXBuildFile; fileRef = 5A0949F728B7C0DD00FAB133 /* PromotionCategoryCell.swift */; };
		5A0949FA28B7C10300FAB133 /* PromotionViewController.swift in Sources */ = {isa = PBXBuildFile; fileRef = 5A0949F928B7C10300FAB133 /* PromotionViewController.swift */; };
		5A2BE09228A237AF00FBB322 /* ShopData.swift in Sources */ = {isa = PBXBuildFile; fileRef = 5A2BE09128A237AF00FBB322 /* ShopData.swift */; };
		5A2BE09428A2387C00FBB322 /* listFood.swift in Sources */ = {isa = PBXBuildFile; fileRef = 5A2BE09328A2387C00FBB322 /* listFood.swift */; };
		5A2BE09728A245DC00FBB322 /* ShopCollectionViewCell.swift in Sources */ = {isa = PBXBuildFile; fileRef = 5A2BE09628A245DC00FBB322 /* ShopCollectionViewCell.swift */; };
		5A2BE09928A24AF000FBB322 /* UIImageViewExtensions.swift in Sources */ = {isa = PBXBuildFile; fileRef = 5A2BE09828A24AF000FBB322 /* UIImageViewExtensions.swift */; };
		5A2BE09B28A2C1BB00FBB322 /* DetailViewController.swift in Sources */ = {isa = PBXBuildFile; fileRef = 5A2BE09A28A2C1BB00FBB322 /* DetailViewController.swift */; };
		5A35E90228B0E53A00065CB2 /* MoreViewController.swift in Sources */ = {isa = PBXBuildFile; fileRef = 5A35E90128B0E53A00065CB2 /* MoreViewController.swift */; };
		5A3BFBD828B9100700BA3E00 /* PromotionCell.swift in Sources */ = {isa = PBXBuildFile; fileRef = 5A3BFBD728B9100700BA3E00 /* PromotionCell.swift */; };
		5A5A320528A62F3600EB66D7 /* FoodCollectionViewCell.swift in Sources */ = {isa = PBXBuildFile; fileRef = 5A5A320428A62F3600EB66D7 /* FoodCollectionViewCell.swift */; };
		5A603B2C28A78CD500B32815 /* Db.swift in Sources */ = {isa = PBXBuildFile; fileRef = 5A603B2B28A78CD500B32815 /* Db.swift */; };
		5A603B2F28A7AB6800B32815 /* FoodEntity.swift in Sources */ = {isa = PBXBuildFile; fileRef = 5A603B2E28A7AB6800B32815 /* FoodEntity.swift */; };
		5A72893528927B6400234548 /* AppDelegate.swift in Sources */ = {isa = PBXBuildFile; fileRef = 5A72893428927B6400234548 /* AppDelegate.swift */; };
		5A72893728927B6400234548 /* SceneDelegate.swift in Sources */ = {isa = PBXBuildFile; fileRef = 5A72893628927B6400234548 /* SceneDelegate.swift */; };
		5A72893928927B6400234548 /* ViewController.swift in Sources */ = {isa = PBXBuildFile; fileRef = 5A72893828927B6400234548 /* ViewController.swift */; };
		5A72893C28927B6400234548 /* Main.storyboard in Resources */ = {isa = PBXBuildFile; fileRef = 5A72893A28927B6400234548 /* Main.storyboard */; };
		5A72893E28927B6600234548 /* Assets.xcassets in Resources */ = {isa = PBXBuildFile; fileRef = 5A72893D28927B6600234548 /* Assets.xcassets */; };
		5A72894128927B6600234548 /* LaunchScreen.storyboard in Resources */ = {isa = PBXBuildFile; fileRef = 5A72893F28927B6600234548 /* LaunchScreen.storyboard */; };
		5A7EA68528B606DB008FFAD7 /* ChagePassViewController.swift in Sources */ = {isa = PBXBuildFile; fileRef = 5A7EA68428B606DB008FFAD7 /* ChagePassViewController.swift */; };
		5A848FA328A964B70062D5F5 /* CartCollectionViewCell.swift in Sources */ = {isa = PBXBuildFile; fileRef = 5A848FA228A964B60062D5F5 /* CartCollectionViewCell.swift */; };
		5A848FA528A965E50062D5F5 /* CartViewController.swift in Sources */ = {isa = PBXBuildFile; fileRef = 5A848FA428A965E50062D5F5 /* CartViewController.swift */; };
		5A90A6AD28B601D6007EA355 /* EditInForViewController.swift in Sources */ = {isa = PBXBuildFile; fileRef = 5A90A6AC28B601D6007EA355 /* EditInForViewController.swift */; };
		5A9EC20728AE25A000FA5314 /* GoogleService-Info.plist in Resources */ = {isa = PBXBuildFile; fileRef = 5A9EC20628AE25A000FA5314 /* GoogleService-Info.plist */; };
		5AB8C52D289CD91F008B3B1E /* CategoryViewCell.swift in Sources */ = {isa = PBXBuildFile; fileRef = 5AB8C52C289CD91F008B3B1E /* CategoryViewCell.swift */; };
		5AB8C52F289CD97F008B3B1E /* Category.swift in Sources */ = {isa = PBXBuildFile; fileRef = 5AB8C52E289CD97F008B3B1E /* Category.swift */; };
		5AC327CA28ACCCB400F1F6A3 /* Fomat.swift in Sources */ = {isa = PBXBuildFile; fileRef = 5AC327C928ACCCB400F1F6A3 /* Fomat.swift */; };
		5AC327CC28AD036700F1F6A3 /* NoDataCollectionViewCell.swift in Sources */ = {isa = PBXBuildFile; fileRef = 5AC327CB28AD036700F1F6A3 /* NoDataCollectionViewCell.swift */; };
		5AD76998289BE174007B8F4A /* HomeViewController.swift in Sources */ = {isa = PBXBuildFile; fileRef = 5AD76997289BE174007B8F4A /* HomeViewController.swift */; };
		5AD7699B289C08DD007B8F4A /* SlideCollectionViewCell.swift in Sources */ = {isa = PBXBuildFile; fileRef = 5AD7699A289C08DD007B8F4A /* SlideCollectionViewCell.swift */; };
		5AD7699E289C4DBA007B8F4A /* UIViewExtensions.swift in Sources */ = {isa = PBXBuildFile; fileRef = 5AD7699D289C4DBA007B8F4A /* UIViewExtensions.swift */; };
		5AF6554028BCBF0A00BFBEB0 /* UIStringExtensions.swift in Sources */ = {isa = PBXBuildFile; fileRef = 5AF6553F28BCBF0A00BFBEB0 /* UIStringExtensions.swift */; };
		D05B6D0B26ED76D7FB849E33 /* Pods_OrderFood.framework in Frameworks */ = {isa = PBXBuildFile; fileRef = 142F13C1886D919FE6386C2C /* Pods_OrderFood.framework */; };
/* End PBXBuildFile section */

/* Begin PBXFileReference section */
		142F13C1886D919FE6386C2C /* Pods_OrderFood.framework */ = {isa = PBXFileReference; explicitFileType = wrapper.framework; includeInIndex = 0; path = Pods_OrderFood.framework; sourceTree = BUILT_PRODUCTS_DIR; };
		2F94F838B4B7F883CD6B1AD3 /* Pods-OrderFood.debug.xcconfig */ = {isa = PBXFileReference; includeInIndex = 1; lastKnownFileType = text.xcconfig; name = "Pods-OrderFood.debug.xcconfig"; path = "Target Support Files/Pods-OrderFood/Pods-OrderFood.debug.xcconfig"; sourceTree = "<group>"; };
		3F893B8B2C12A2B864626458 /* Pods-OrderFood.release.xcconfig */ = {isa = PBXFileReference; includeInIndex = 1; lastKnownFileType = text.xcconfig; name = "Pods-OrderFood.release.xcconfig"; path = "Target Support Files/Pods-OrderFood/Pods-OrderFood.release.xcconfig"; sourceTree = "<group>"; };
		5A0949F728B7C0DD00FAB133 /* PromotionCategoryCell.swift */ = {isa = PBXFileReference; lastKnownFileType = sourcecode.swift; path = PromotionCategoryCell.swift; sourceTree = "<group>"; };
		5A0949F928B7C10300FAB133 /* PromotionViewController.swift */ = {isa = PBXFileReference; lastKnownFileType = sourcecode.swift; path = PromotionViewController.swift; sourceTree = "<group>"; };
		5A2BE09128A237AF00FBB322 /* ShopData.swift */ = {isa = PBXFileReference; lastKnownFileType = sourcecode.swift; path = ShopData.swift; sourceTree = "<group>"; };
		5A2BE09328A2387C00FBB322 /* listFood.swift */ = {isa = PBXFileReference; lastKnownFileType = sourcecode.swift; path = listFood.swift; sourceTree = "<group>"; };
		5A2BE09628A245DC00FBB322 /* ShopCollectionViewCell.swift */ = {isa = PBXFileReference; lastKnownFileType = sourcecode.swift; path = ShopCollectionViewCell.swift; sourceTree = "<group>"; };
		5A2BE09828A24AF000FBB322 /* UIImageViewExtensions.swift */ = {isa = PBXFileReference; lastKnownFileType = sourcecode.swift; path = UIImageViewExtensions.swift; sourceTree = "<group>"; };
		5A2BE09A28A2C1BB00FBB322 /* DetailViewController.swift */ = {isa = PBXFileReference; lastKnownFileType = sourcecode.swift; path = DetailViewController.swift; sourceTree = "<group>"; };
		5A35E90128B0E53A00065CB2 /* MoreViewController.swift */ = {isa = PBXFileReference; lastKnownFileType = sourcecode.swift; path = MoreViewController.swift; sourceTree = "<group>"; };
		5A3BFBD728B9100700BA3E00 /* PromotionCell.swift */ = {isa = PBXFileReference; lastKnownFileType = sourcecode.swift; path = PromotionCell.swift; sourceTree = "<group>"; };
		5A5A320428A62F3600EB66D7 /* FoodCollectionViewCell.swift */ = {isa = PBXFileReference; lastKnownFileType = sourcecode.swift; path = FoodCollectionViewCell.swift; sourceTree = "<group>"; };
		5A603B2B28A78CD500B32815 /* Db.swift */ = {isa = PBXFileReference; lastKnownFileType = sourcecode.swift; path = Db.swift; sourceTree = "<group>"; };
		5A603B2E28A7AB6800B32815 /* FoodEntity.swift */ = {isa = PBXFileReference; lastKnownFileType = sourcecode.swift; path = FoodEntity.swift; sourceTree = "<group>"; };
		5A72893128927B6400234548 /* OrderFood.app */ = {isa = PBXFileReference; explicitFileType = wrapper.application; includeInIndex = 0; path = OrderFood.app; sourceTree = BUILT_PRODUCTS_DIR; };
		5A72893428927B6400234548 /* AppDelegate.swift */ = {isa = PBXFileReference; lastKnownFileType = sourcecode.swift; path = AppDelegate.swift; sourceTree = "<group>"; };
		5A72893628927B6400234548 /* SceneDelegate.swift */ = {isa = PBXFileReference; lastKnownFileType = sourcecode.swift; path = SceneDelegate.swift; sourceTree = "<group>"; };
		5A72893828927B6400234548 /* ViewController.swift */ = {isa = PBXFileReference; lastKnownFileType = sourcecode.swift; path = ViewController.swift; sourceTree = "<group>"; };
		5A72893B28927B6400234548 /* Base */ = {isa = PBXFileReference; lastKnownFileType = file.storyboard; name = Base; path = Base.lproj/Main.storyboard; sourceTree = "<group>"; };
		5A72893D28927B6600234548 /* Assets.xcassets */ = {isa = PBXFileReference; lastKnownFileType = folder.assetcatalog; path = Assets.xcassets; sourceTree = "<group>"; };
		5A72894028927B6600234548 /* Base */ = {isa = PBXFileReference; lastKnownFileType = file.storyboard; name = Base; path = Base.lproj/LaunchScreen.storyboard; sourceTree = "<group>"; };
		5A72894228927B6600234548 /* Info.plist */ = {isa = PBXFileReference; lastKnownFileType = text.plist.xml; path = Info.plist; sourceTree = "<group>"; };
		5A7EA68428B606DB008FFAD7 /* ChagePassViewController.swift */ = {isa = PBXFileReference; lastKnownFileType = sourcecode.swift; path = ChagePassViewController.swift; sourceTree = "<group>"; };
		5A848FA228A964B60062D5F5 /* CartCollectionViewCell.swift */ = {isa = PBXFileReference; lastKnownFileType = sourcecode.swift; path = CartCollectionViewCell.swift; sourceTree = "<group>"; };
		5A848FA428A965E50062D5F5 /* CartViewController.swift */ = {isa = PBXFileReference; lastKnownFileType = sourcecode.swift; path = CartViewController.swift; sourceTree = "<group>"; };
		5A90A6AC28B601D6007EA355 /* EditInForViewController.swift */ = {isa = PBXFileReference; lastKnownFileType = sourcecode.swift; path = EditInForViewController.swift; sourceTree = "<group>"; };
		5A9EC20628AE25A000FA5314 /* GoogleService-Info.plist */ = {isa = PBXFileReference; fileEncoding = 4; lastKnownFileType = text.plist.xml; path = "GoogleService-Info.plist"; sourceTree = "<group>"; };
		5AB8C52C289CD91F008B3B1E /* CategoryViewCell.swift */ = {isa = PBXFileReference; lastKnownFileType = sourcecode.swift; path = CategoryViewCell.swift; sourceTree = "<group>"; };
		5AB8C52E289CD97F008B3B1E /* Category.swift */ = {isa = PBXFileReference; lastKnownFileType = sourcecode.swift; path = Category.swift; sourceTree = "<group>"; };
		5AC327C928ACCCB400F1F6A3 /* Fomat.swift */ = {isa = PBXFileReference; lastKnownFileType = sourcecode.swift; path = Fomat.swift; sourceTree = "<group>"; };
		5AC327CB28AD036700F1F6A3 /* NoDataCollectionViewCell.swift */ = {isa = PBXFileReference; lastKnownFileType = sourcecode.swift; path = NoDataCollectionViewCell.swift; sourceTree = "<group>"; };
		5AD76997289BE174007B8F4A /* HomeViewController.swift */ = {isa = PBXFileReference; lastKnownFileType = sourcecode.swift; path = HomeViewController.swift; sourceTree = "<group>"; };
		5AD7699A289C08DD007B8F4A /* SlideCollectionViewCell.swift */ = {isa = PBXFileReference; lastKnownFileType = sourcecode.swift; path = SlideCollectionViewCell.swift; sourceTree = "<group>"; };
		5AD7699D289C4DBA007B8F4A /* UIViewExtensions.swift */ = {isa = PBXFileReference; lastKnownFileType = sourcecode.swift; path = UIViewExtensions.swift; sourceTree = "<group>"; };
		5AF6553F28BCBF0A00BFBEB0 /* UIStringExtensions.swift */ = {isa = PBXFileReference; lastKnownFileType = sourcecode.swift; path = UIStringExtensions.swift; sourceTree = "<group>"; };
/* End PBXFileReference section */

/* Begin PBXFrameworksBuildPhase section */
		5A72892E28927B6400234548 /* Frameworks */ = {
			isa = PBXFrameworksBuildPhase;
			buildActionMask = 2147483647;
			files = (
				D05B6D0B26ED76D7FB849E33 /* Pods_OrderFood.framework in Frameworks */,
			);
			runOnlyForDeploymentPostprocessing = 0;
		};
/* End PBXFrameworksBuildPhase section */

/* Begin PBXGroup section */
		5A603B2A28A78CA500B32815 /* Database */ = {
			isa = PBXGroup;
			children = (
				5A603B2D28A7AB4600B32815 /* Entity */,
				5A603B2B28A78CD500B32815 /* Db.swift */,
			);
			path = Database;
			sourceTree = "<group>";
		};
		5A603B2D28A7AB4600B32815 /* Entity */ = {
			isa = PBXGroup;
			children = (
				5A603B2E28A7AB6800B32815 /* FoodEntity.swift */,
			);
			path = Entity;
			sourceTree = "<group>";
		};
		5A72892828927B6400234548 = {
			isa = PBXGroup;
			children = (
				5A72893328927B6400234548 /* OrderFood */,
				5A72893228927B6400234548 /* Products */,
				EE34268BDD0E08E57CAC3D03 /* Pods */,
				67D94EAC3ECA991E42A16434 /* Frameworks */,
			);
			sourceTree = "<group>";
		};
		5A72893228927B6400234548 /* Products */ = {
			isa = PBXGroup;
			children = (
				5A72893128927B6400234548 /* OrderFood.app */,
			);
			name = Products;
			sourceTree = "<group>";
		};
		5A72893328927B6400234548 /* OrderFood */ = {
			isa = PBXGroup;
			children = (
				5A9EC20628AE25A000FA5314 /* GoogleService-Info.plist */,
				5AC327C828ACCCA300F1F6A3 /* Format */,
				5A603B2A28A78CA500B32815 /* Database */,
				5AB8C52B289CD8ED008B3B1E /* Model */,
				5AD7699C289C4D5D007B8F4A /* Extensions */,
				5AD76999289C08B5007B8F4A /* Cell */,
				5AD76992289BDDD7007B8F4A /* More */,
				5AD76991289BDDC1007B8F4A /* Car */,
				5AD76990289BDDB2007B8F4A /* promotion */,
				5AD7698F289BDDA4007B8F4A /* Home */,
				5A72893428927B6400234548 /* AppDelegate.swift */,
				5A72893628927B6400234548 /* SceneDelegate.swift */,
				5A72893828927B6400234548 /* ViewController.swift */,
				5A72893A28927B6400234548 /* Main.storyboard */,
				5A72893D28927B6600234548 /* Assets.xcassets */,
				5A72893F28927B6600234548 /* LaunchScreen.storyboard */,
				5A72894228927B6600234548 /* Info.plist */,
			);
			path = OrderFood;
			sourceTree = "<group>";
		};
		5AB8C52B289CD8ED008B3B1E /* Model */ = {
			isa = PBXGroup;
			children = (
				5AB8C52E289CD97F008B3B1E /* Category.swift */,
				5A2BE09128A237AF00FBB322 /* ShopData.swift */,
				5A2BE09328A2387C00FBB322 /* listFood.swift */,
			);
			path = Model;
			sourceTree = "<group>";
		};
		5AC327C828ACCCA300F1F6A3 /* Format */ = {
			isa = PBXGroup;
			children = (
				5AC327C928ACCCB400F1F6A3 /* Fomat.swift */,
			);
			path = Format;
			sourceTree = "<group>";
		};
		5AD7698F289BDDA4007B8F4A /* Home */ = {
			isa = PBXGroup;
			children = (
				5AD76997289BE174007B8F4A /* HomeViewController.swift */,
				5A2BE09A28A2C1BB00FBB322 /* DetailViewController.swift */,
			);
			path = Home;
			sourceTree = "<group>";
		};
		5AD76990289BDDB2007B8F4A /* promotion */ = {
			isa = PBXGroup;
			children = (
				5A0949F928B7C10300FAB133 /* PromotionViewController.swift */,
			);
			path = promotion;
			sourceTree = "<group>";
		};
		5AD76991289BDDC1007B8F4A /* Car */ = {
			isa = PBXGroup;
			children = (
				5A848FA428A965E50062D5F5 /* CartViewController.swift */,
			);
			path = Car;
			sourceTree = "<group>";
		};
		5AD76992289BDDD7007B8F4A /* More */ = {
			isa = PBXGroup;
			children = (
				5A35E90128B0E53A00065CB2 /* MoreViewController.swift */,
				5A90A6AC28B601D6007EA355 /* EditInForViewController.swift */,
				5A7EA68428B606DB008FFAD7 /* ChagePassViewController.swift */,
			);
			path = More;
			sourceTree = "<group>";
		};
		5AD76999289C08B5007B8F4A /* Cell */ = {
			isa = PBXGroup;
			children = (
				5AD7699A289C08DD007B8F4A /* SlideCollectionViewCell.swift */,
				5AB8C52C289CD91F008B3B1E /* CategoryViewCell.swift */,
				5A2BE09628A245DC00FBB322 /* ShopCollectionViewCell.swift */,
				5A5A320428A62F3600EB66D7 /* FoodCollectionViewCell.swift */,
				5A848FA228A964B60062D5F5 /* CartCollectionViewCell.swift */,
				5AC327CB28AD036700F1F6A3 /* NoDataCollectionViewCell.swift */,
				5A0949F728B7C0DD00FAB133 /* PromotionCategoryCell.swift */,
				5A3BFBD728B9100700BA3E00 /* PromotionCell.swift */,
			);
			path = Cell;
			sourceTree = "<group>";
		};
		5AD7699C289C4D5D007B8F4A /* Extensions */ = {
			isa = PBXGroup;
			children = (
				5AD7699D289C4DBA007B8F4A /* UIViewExtensions.swift */,
				5A2BE09828A24AF000FBB322 /* UIImageViewExtensions.swift */,
				5AF6553F28BCBF0A00BFBEB0 /* UIStringExtensions.swift */,
			);
			path = Extensions;
			sourceTree = "<group>";
		};
		67D94EAC3ECA991E42A16434 /* Frameworks */ = {
			isa = PBXGroup;
			children = (
				142F13C1886D919FE6386C2C /* Pods_OrderFood.framework */,
			);
			name = Frameworks;
			sourceTree = "<group>";
		};
		EE34268BDD0E08E57CAC3D03 /* Pods */ = {
			isa = PBXGroup;
			children = (
				2F94F838B4B7F883CD6B1AD3 /* Pods-OrderFood.debug.xcconfig */,
				3F893B8B2C12A2B864626458 /* Pods-OrderFood.release.xcconfig */,
			);
			path = Pods;
			sourceTree = "<group>";
		};
/* End PBXGroup section */

/* Begin PBXNativeTarget section */
		5A72893028927B6400234548 /* OrderFood */ = {
			isa = PBXNativeTarget;
			buildConfigurationList = 5A72894528927B6600234548 /* Build configuration list for PBXNativeTarget "OrderFood" */;
			buildPhases = (
				6E85AD4539A289C7FC9CABCF /* [CP] Check Pods Manifest.lock */,
				5A72892D28927B6400234548 /* Sources */,
				5A72892E28927B6400234548 /* Frameworks */,
				5A72892F28927B6400234548 /* Resources */,
				4B9A31562D65153FCEEEC2A6 /* [CP] Embed Pods Frameworks */,
			);
			buildRules = (
			);
			dependencies = (
			);
			name = OrderFood;
			productName = OrderFood;
			productReference = 5A72893128927B6400234548 /* OrderFood.app */;
			productType = "com.apple.product-type.application";
		};
/* End PBXNativeTarget section */

/* Begin PBXProject section */
		5A72892928927B6400234548 /* Project object */ = {
			isa = PBXProject;
			attributes = {
				BuildIndependentTargetsInParallel = 1;
				LastSwiftUpdateCheck = 1340;
				LastUpgradeCheck = 1340;
				TargetAttributes = {
					5A72893028927B6400234548 = {
						CreatedOnToolsVersion = 13.4.1;
					};
				};
			};
			buildConfigurationList = 5A72892C28927B6400234548 /* Build configuration list for PBXProject "OrderFood" */;
			compatibilityVersion = "Xcode 13.0";
			developmentRegion = en;
			hasScannedForEncodings = 0;
			knownRegions = (
				en,
				Base,
			);
			mainGroup = 5A72892828927B6400234548;
			productRefGroup = 5A72893228927B6400234548 /* Products */;
			projectDirPath = "";
			projectRoot = "";
			targets = (
				5A72893028927B6400234548 /* OrderFood */,
			);
		};
/* End PBXProject section */

/* Begin PBXResourcesBuildPhase section */
		5A72892F28927B6400234548 /* Resources */ = {
			isa = PBXResourcesBuildPhase;
			buildActionMask = 2147483647;
			files = (
				5A72894128927B6600234548 /* LaunchScreen.storyboard in Resources */,
				5A9EC20728AE25A000FA5314 /* GoogleService-Info.plist in Resources */,
				5A72893E28927B6600234548 /* Assets.xcassets in Resources */,
				5A72893C28927B6400234548 /* Main.storyboard in Resources */,
			);
			runOnlyForDeploymentPostprocessing = 0;
		};
/* End PBXResourcesBuildPhase section */

/* Begin PBXShellScriptBuildPhase section */
		4B9A31562D65153FCEEEC2A6 /* [CP] Embed Pods Frameworks */ = {
			isa = PBXShellScriptBuildPhase;
			buildActionMask = 2147483647;
			files = (
			);
			inputFileListPaths = (
				"${PODS_ROOT}/Target Support Files/Pods-OrderFood/Pods-OrderFood-frameworks-${CONFIGURATION}-input-files.xcfilelist",
			);
			name = "[CP] Embed Pods Frameworks";
			outputFileListPaths = (
				"${PODS_ROOT}/Target Support Files/Pods-OrderFood/Pods-OrderFood-frameworks-${CONFIGURATION}-output-files.xcfilelist",
			);
			runOnlyForDeploymentPostprocessing = 0;
			shellPath = /bin/sh;
			shellScript = "\"${PODS_ROOT}/Target Support Files/Pods-OrderFood/Pods-OrderFood-frameworks.sh\"\n";
			showEnvVarsInLog = 0;
		};
		6E85AD4539A289C7FC9CABCF /* [CP] Check Pods Manifest.lock */ = {
			isa = PBXShellScriptBuildPhase;
			buildActionMask = 2147483647;
			files = (
			);
			inputFileListPaths = (
			);
			inputPaths = (
				"${PODS_PODFILE_DIR_PATH}/Podfile.lock",
				"${PODS_ROOT}/Manifest.lock",
			);
			name = "[CP] Check Pods Manifest.lock";
			outputFileListPaths = (
			);
			outputPaths = (
				"$(DERIVED_FILE_DIR)/Pods-OrderFood-checkManifestLockResult.txt",
			);
			runOnlyForDeploymentPostprocessing = 0;
			shellPath = /bin/sh;
			shellScript = "diff \"${PODS_PODFILE_DIR_PATH}/Podfile.lock\" \"${PODS_ROOT}/Manifest.lock\" > /dev/null\nif [ $? != 0 ] ; then\n    # print error to STDERR\n    echo \"error: The sandbox is not in sync with the Podfile.lock. Run 'pod install' or update your CocoaPods installation.\" >&2\n    exit 1\nfi\n# This output is used by Xcode 'outputs' to avoid re-running this script phase.\necho \"SUCCESS\" > \"${SCRIPT_OUTPUT_FILE_0}\"\n";
			showEnvVarsInLog = 0;
		};
/* End PBXShellScriptBuildPhase section */

/* Begin PBXSourcesBuildPhase section */
		5A72892D28927B6400234548 /* Sources */ = {
			isa = PBXSourcesBuildPhase;
			buildActionMask = 2147483647;
			files = (
				5A35E90228B0E53A00065CB2 /* MoreViewController.swift in Sources */,
				5A90A6AD28B601D6007EA355 /* EditInForViewController.swift in Sources */,
				5A603B2F28A7AB6800B32815 /* FoodEntity.swift in Sources */,
				5A72893928927B6400234548 /* ViewController.swift in Sources */,
				5A2BE09428A2387C00FBB322 /* listFood.swift in Sources */,
				5AC327CC28AD036700F1F6A3 /* NoDataCollectionViewCell.swift in Sources */,
				5A72893528927B6400234548 /* AppDelegate.swift in Sources */,
				5A72893728927B6400234548 /* SceneDelegate.swift in Sources */,
				5AF6554028BCBF0A00BFBEB0 /* UIStringExtensions.swift in Sources */,
				5AD76998289BE174007B8F4A /* HomeViewController.swift in Sources */,
				5A2BE09728A245DC00FBB322 /* ShopCollectionViewCell.swift in Sources */,
				5A5A320528A62F3600EB66D7 /* FoodCollectionViewCell.swift in Sources */,
				5A3BFBD828B9100700BA3E00 /* PromotionCell.swift in Sources */,
				5A0949FA28B7C10300FAB133 /* PromotionViewController.swift in Sources */,
				5A7EA68528B606DB008FFAD7 /* ChagePassViewController.swift in Sources */,
				5AD7699E289C4DBA007B8F4A /* UIViewExtensions.swift in Sources */,
				5AC327CA28ACCCB400F1F6A3 /* Fomat.swift in Sources */,
				5A603B2C28A78CD500B32815 /* Db.swift in Sources */,
				5AD7699B289C08DD007B8F4A /* SlideCollectionViewCell.swift in Sources */,
				5A2BE09B28A2C1BB00FBB322 /* DetailViewController.swift in Sources */,
				5A2BE09228A237AF00FBB322 /* ShopData.swift in Sources */,
				5AB8C52D289CD91F008B3B1E /* CategoryViewCell.swift in Sources */,
				5A0949F828B7C0DD00FAB133 /* PromotionCategoryCell.swift in Sources */,
				5A2BE09928A24AF000FBB322 /* UIImageViewExtensions.swift in Sources */,
				5A848FA328A964B70062D5F5 /* CartCollectionViewCell.swift in Sources */,
				5A848FA528A965E50062D5F5 /* CartViewController.swift in Sources */,
				5AB8C52F289CD97F008B3B1E /* Category.swift in Sources */,
			);
			runOnlyForDeploymentPostprocessing = 0;
		};
/* End PBXSourcesBuildPhase section */

/* Begin PBXVariantGroup section */
		5A72893A28927B6400234548 /* Main.storyboard */ = {
			isa = PBXVariantGroup;
			children = (
				5A72893B28927B6400234548 /* Base */,
			);
			name = Main.storyboard;
			sourceTree = "<group>";
		};
		5A72893F28927B6600234548 /* LaunchScreen.storyboard */ = {
			isa = PBXVariantGroup;
			children = (
				5A72894028927B6600234548 /* Base */,
			);
			name = LaunchScreen.storyboard;
			sourceTree = "<group>";
		};
/* End PBXVariantGroup section */

/* Begin XCBuildConfiguration section */
		5A72894328927B6600234548 /* Debug */ = {
			isa = XCBuildConfiguration;
			buildSettings = {
				ALWAYS_SEARCH_USER_PATHS = NO;
				CLANG_ANALYZER_NONNULL = YES;
				CLANG_ANALYZER_NUMBER_OBJECT_CONVERSION = YES_AGGRESSIVE;
				CLANG_CXX_LANGUAGE_STANDARD = "gnu++17";
				CLANG_ENABLE_MODULES = YES;
				CLANG_ENABLE_OBJC_ARC = YES;
				CLANG_ENABLE_OBJC_WEAK = YES;
				CLANG_WARN_BLOCK_CAPTURE_AUTORELEASING = YES;
				CLANG_WARN_BOOL_CONVERSION = YES;
				CLANG_WARN_COMMA = YES;
				CLANG_WARN_CONSTANT_CONVERSION = YES;
				CLANG_WARN_DEPRECATED_OBJC_IMPLEMENTATIONS = YES;
				CLANG_WARN_DIRECT_OBJC_ISA_USAGE = YES_ERROR;
				CLANG_WARN_DOCUMENTATION_COMMENTS = YES;
				CLANG_WARN_EMPTY_BODY = YES;
				CLANG_WARN_ENUM_CONVERSION = YES;
				CLANG_WARN_INFINITE_RECURSION = YES;
				CLANG_WARN_INT_CONVERSION = YES;
				CLANG_WARN_NON_LITERAL_NULL_CONVERSION = YES;
				CLANG_WARN_OBJC_IMPLICIT_RETAIN_SELF = YES;
				CLANG_WARN_OBJC_LITERAL_CONVERSION = YES;
				CLANG_WARN_OBJC_ROOT_CLASS = YES_ERROR;
				CLANG_WARN_QUOTED_INCLUDE_IN_FRAMEWORK_HEADER = YES;
				CLANG_WARN_RANGE_LOOP_ANALYSIS = YES;
				CLANG_WARN_STRICT_PROTOTYPES = YES;
				CLANG_WARN_SUSPICIOUS_MOVE = YES;
				CLANG_WARN_UNGUARDED_AVAILABILITY = YES_AGGRESSIVE;
				CLANG_WARN_UNREACHABLE_CODE = YES;
				CLANG_WARN__DUPLICATE_METHOD_MATCH = YES;
				COPY_PHASE_STRIP = NO;
				DEBUG_INFORMATION_FORMAT = dwarf;
				ENABLE_STRICT_OBJC_MSGSEND = YES;
				ENABLE_TESTABILITY = YES;
				GCC_C_LANGUAGE_STANDARD = gnu11;
				GCC_DYNAMIC_NO_PIC = NO;
				GCC_NO_COMMON_BLOCKS = YES;
				GCC_OPTIMIZATION_LEVEL = 0;
				GCC_PREPROCESSOR_DEFINITIONS = (
					"DEBUG=1",
					"$(inherited)",
				);
				GCC_WARN_64_TO_32_BIT_CONVERSION = YES;
				GCC_WARN_ABOUT_RETURN_TYPE = YES_ERROR;
				GCC_WARN_UNDECLARED_SELECTOR = YES;
				GCC_WARN_UNINITIALIZED_AUTOS = YES_AGGRESSIVE;
				GCC_WARN_UNUSED_FUNCTION = YES;
				GCC_WARN_UNUSED_VARIABLE = YES;
				IPHONEOS_DEPLOYMENT_TARGET = 15.5;
				MTL_ENABLE_DEBUG_INFO = INCLUDE_SOURCE;
				MTL_FAST_MATH = YES;
				ONLY_ACTIVE_ARCH = YES;
				SDKROOT = iphoneos;
				SWIFT_ACTIVE_COMPILATION_CONDITIONS = DEBUG;
				SWIFT_OPTIMIZATION_LEVEL = "-Onone";
			};
			name = Debug;
		};
		5A72894428927B6600234548 /* Release */ = {
			isa = XCBuildConfiguration;
			buildSettings = {
				ALWAYS_SEARCH_USER_PATHS = NO;
				CLANG_ANALYZER_NONNULL = YES;
				CLANG_ANALYZER_NUMBER_OBJECT_CONVERSION = YES_AGGRESSIVE;
				CLANG_CXX_LANGUAGE_STANDARD = "gnu++17";
				CLANG_ENABLE_MODULES = YES;
				CLANG_ENABLE_OBJC_ARC = YES;
				CLANG_ENABLE_OBJC_WEAK = YES;
				CLANG_WARN_BLOCK_CAPTURE_AUTORELEASING = YES;
				CLANG_WARN_BOOL_CONVERSION = YES;
				CLANG_WARN_COMMA = YES;
				CLANG_WARN_CONSTANT_CONVERSION = YES;
				CLANG_WARN_DEPRECATED_OBJC_IMPLEMENTATIONS = YES;
				CLANG_WARN_DIRECT_OBJC_ISA_USAGE = YES_ERROR;
				CLANG_WARN_DOCUMENTATION_COMMENTS = YES;
				CLANG_WARN_EMPTY_BODY = YES;
				CLANG_WARN_ENUM_CONVERSION = YES;
				CLANG_WARN_INFINITE_RECURSION = YES;
				CLANG_WARN_INT_CONVERSION = YES;
				CLANG_WARN_NON_LITERAL_NULL_CONVERSION = YES;
				CLANG_WARN_OBJC_IMPLICIT_RETAIN_SELF = YES;
				CLANG_WARN_OBJC_LITERAL_CONVERSION = YES;
				CLANG_WARN_OBJC_ROOT_CLASS = YES_ERROR;
				CLANG_WARN_QUOTED_INCLUDE_IN_FRAMEWORK_HEADER = YES;
				CLANG_WARN_RANGE_LOOP_ANALYSIS = YES;
				CLANG_WARN_STRICT_PROTOTYPES = YES;
				CLANG_WARN_SUSPICIOUS_MOVE = YES;
				CLANG_WARN_UNGUARDED_AVAILABILITY = YES_AGGRESSIVE;
				CLANG_WARN_UNREACHABLE_CODE = YES;
				CLANG_WARN__DUPLICATE_METHOD_MATCH = YES;
				COPY_PHASE_STRIP = NO;
				DEBUG_INFORMATION_FORMAT = "dwarf-with-dsym";
				ENABLE_NS_ASSERTIONS = NO;
				ENABLE_STRICT_OBJC_MSGSEND = YES;
				GCC_C_LANGUAGE_STANDARD = gnu11;
				GCC_NO_COMMON_BLOCKS = YES;
				GCC_WARN_64_TO_32_BIT_CONVERSION = YES;
				GCC_WARN_ABOUT_RETURN_TYPE = YES_ERROR;
				GCC_WARN_UNDECLARED_SELECTOR = YES;
				GCC_WARN_UNINITIALIZED_AUTOS = YES_AGGRESSIVE;
				GCC_WARN_UNUSED_FUNCTION = YES;
				GCC_WARN_UNUSED_VARIABLE = YES;
				IPHONEOS_DEPLOYMENT_TARGET = 15.5;
				MTL_ENABLE_DEBUG_INFO = NO;
				MTL_FAST_MATH = YES;
				SDKROOT = iphoneos;
				SWIFT_COMPILATION_MODE = wholemodule;
				SWIFT_OPTIMIZATION_LEVEL = "-O";
				VALIDATE_PRODUCT = YES;
			};
			name = Release;
		};
		5A72894628927B6600234548 /* Debug */ = {
			isa = XCBuildConfiguration;
			baseConfigurationReference = 2F94F838B4B7F883CD6B1AD3 /* Pods-OrderFood.debug.xcconfig */;
			buildSettings = {
				ASSETCATALOG_COMPILER_APPICON_NAME = AppIcon;
				ASSETCATALOG_COMPILER_GLOBAL_ACCENT_COLOR_NAME = AccentColor;
				CODE_SIGN_STYLE = Automatic;
				CURRENT_PROJECT_VERSION = 1;
				GENERATE_INFOPLIST_FILE = YES;
				INFOPLIST_FILE = OrderFood/Info.plist;
				INFOPLIST_KEY_LSApplicationCategoryType = "";
				INFOPLIST_KEY_NSCameraUsageDescription = "Allow Camera";
				INFOPLIST_KEY_NSLocationAlwaysAndWhenInUseUsageDescription = "Allow location updates while in background and using app?";
				INFOPLIST_KEY_NSLocationWhenInUseUsageDescription = "Allow to use location when app in use";
				INFOPLIST_KEY_NSPhotoLibraryUsageDescription = "Allow Camera";
				INFOPLIST_KEY_UIApplicationSupportsIndirectInputEvents = YES;
				INFOPLIST_KEY_UILaunchStoryboardName = LaunchScreen;
				INFOPLIST_KEY_UIMainStoryboardFile = Main;
				INFOPLIST_KEY_UIStatusBarHidden = NO;
				INFOPLIST_KEY_UISupportedInterfaceOrientations_iPad = "UIInterfaceOrientationPortrait UIInterfaceOrientationPortraitUpsideDown UIInterfaceOrientationLandscapeLeft UIInterfaceOrientationLandscapeRight";
				INFOPLIST_KEY_UISupportedInterfaceOrientations_iPhone = "UIInterfaceOrientationPortrait UIInterfaceOrientationLandscapeLeft UIInterfaceOrientationLandscapeRight";
				LD_RUNPATH_SEARCH_PATHS = (
					"$(inherited)",
					"@executable_path/Frameworks",
				);
				MARKETING_VERSION = 1.0;
				PRODUCT_BUNDLE_IDENTIFIER = Food.OrderFood;
				PRODUCT_NAME = "$(TARGET_NAME)";
				SWIFT_EMIT_LOC_STRINGS = YES;
				SWIFT_VERSION = 5.0;
				TARGETED_DEVICE_FAMILY = "1,2";
			};
			name = Debug;
		};
		5A72894728927B6600234548 /* Release */ = {
			isa = XCBuildConfiguration;
			baseConfigurationReference = 3F893B8B2C12A2B864626458 /* Pods-OrderFood.release.xcconfig */;
			buildSettings = {
				ASSETCATALOG_COMPILER_APPICON_NAME = AppIcon;
				ASSETCATALOG_COMPILER_GLOBAL_ACCENT_COLOR_NAME = AccentColor;
				CODE_SIGN_STYLE = Automatic;
				CURRENT_PROJECT_VERSION = 1;
				GENERATE_INFOPLIST_FILE = YES;
				INFOPLIST_FILE = OrderFood/Info.plist;
				INFOPLIST_KEY_LSApplicationCategoryType = "";
				INFOPLIST_KEY_NSCameraUsageDescription = "Allow Camera";
				INFOPLIST_KEY_NSLocationAlwaysAndWhenInUseUsageDescription = "Allow location updates while in background and using app?";
				INFOPLIST_KEY_NSLocationWhenInUseUsageDescription = "Allow to use location when app in use";
				INFOPLIST_KEY_NSPhotoLibraryUsageDescription = "Allow Camera";
				INFOPLIST_KEY_UIApplicationSupportsIndirectInputEvents = YES;
				INFOPLIST_KEY_UILaunchStoryboardName = LaunchScreen;
				INFOPLIST_KEY_UIMainStoryboardFile = Main;
				INFOPLIST_KEY_UIStatusBarHidden = NO;
				INFOPLIST_KEY_UISupportedInterfaceOrientations_iPad = "UIInterfaceOrientationPortrait UIInterfaceOrientationPortraitUpsideDown UIInterfaceOrientationLandscapeLeft UIInterfaceOrientationLandscapeRight";
				INFOPLIST_KEY_UISupportedInterfaceOrientations_iPhone = "UIInterfaceOrientationPortrait UIInterfaceOrientationLandscapeLeft UIInterfaceOrientationLandscapeRight";
				LD_RUNPATH_SEARCH_PATHS = (
					"$(inherited)",
					"@executable_path/Frameworks",
				);
				MARKETING_VERSION = 1.0;
				PRODUCT_BUNDLE_IDENTIFIER = Food.OrderFood;
				PRODUCT_NAME = "$(TARGET_NAME)";
				SWIFT_EMIT_LOC_STRINGS = YES;
				SWIFT_VERSION = 5.0;
				TARGETED_DEVICE_FAMILY = "1,2";
			};
			name = Release;
		};
/* End XCBuildConfiguration section */

/* Begin XCConfigurationList section */
		5A72892C28927B6400234548 /* Build configuration list for PBXProject "OrderFood" */ = {
			isa = XCConfigurationList;
			buildConfigurations = (
				5A72894328927B6600234548 /* Debug */,
				5A72894428927B6600234548 /* Release */,
			);
			defaultConfigurationIsVisible = 0;
			defaultConfigurationName = Release;
		};
		5A72894528927B6600234548 /* Build configuration list for PBXNativeTarget "OrderFood" */ = {
			isa = XCConfigurationList;
			buildConfigurations = (
				5A72894628927B6600234548 /* Debug */,
				5A72894728927B6600234548 /* Release */,
			);
			defaultConfigurationIsVisible = 0;
			defaultConfigurationName = Release;
		};
/* End XCConfigurationList section */
	};
	rootObject = 5A72892928927B6400234548 /* Project object */;
}
